{
  "name": "Dashboard",
  "lockfileVersion": 2,
  "requires": true,
  "packages": {
    "": {
      "dependencies": {
        "@syncfusion/ej2-react-inputs": "^20.2.36"
      }
    },
    "node_modules/@syncfusion/ej2-base": {
      "version": "20.2.36",
      "resolved": "https://registry.npmjs.org/@syncfusion/ej2-base/-/ej2-base-20.2.36.tgz",
      "integrity": "sha512-k2YdbYh93MKo57eOODmHZDVuNEN3uM4J8mri6XwoaDvTB8LA3rZfYlKkiulX9jYhdl1KoUN+eAi6ytCD+v0Nsw==",
      "dependencies": {
        "@syncfusion/ej2-icons": "~20.2.36"
      },
      "bin": {
        "syncfusion-license": "bin/syncfusion-license.js"
      }
    },
    "node_modules/@syncfusion/ej2-buttons": {
      "version": "20.2.36",
      "resolved": "https://registry.npmjs.org/@syncfusion/ej2-buttons/-/ej2-buttons-20.2.36.tgz",
      "integrity": "sha512-KjoR3YWNv0x0+sjofPhGoM1AAJKl1uxDvnI1z7iITvFoQ/g6dybAYp4uftdKTJe1GT9OVqQu4yzhxTxvLO1q/A==",
      "dependencies": {
        "@syncfusion/ej2-base": "~20.2.36"
      }
    },
    "node_modules/@syncfusion/ej2-icons": {
      "version": "20.2.36",
      "resolved": "https://registry.npmjs.org/@syncfusion/ej2-icons/-/ej2-icons-20.2.36.tgz",
      "integrity": "sha512-C8AMPlzLsrAXY6qoG0jeQfBKZfyZTIZa5K0dtM8G99HGzx+dI3TkcCpSkwvDcKrynyN3CNJp4rw53vvcTFBCPg=="
    },
    "node_modules/@syncfusion/ej2-inputs": {
      "version": "20.2.36",
      "resolved": "https://registry.npmjs.org/@syncfusion/ej2-inputs/-/ej2-inputs-20.2.36.tgz",
      "integrity": "sha512-hWiDD17IuPeo4IoA/J35bDJgZeA9sV3iVl4ww0ocbb73HHsG1jPP5HupNlRNBocZ5AoFLWDt+NbnTxYDr8gTZQ==",
      "dependencies": {
        "@syncfusion/ej2-base": "~20.2.36",
        "@syncfusion/ej2-buttons": "~20.2.36",
        "@syncfusion/ej2-popups": "~20.2.36",
        "@syncfusion/ej2-splitbuttons": "~20.2.36"
      }
    },
    "node_modules/@syncfusion/ej2-popups": {
      "version": "20.2.36",
      "resolved": "https://registry.npmjs.org/@syncfusion/ej2-popups/-/ej2-popups-20.2.36.tgz",
      "integrity": "sha512-2K+uQFWaNDC7KOe2JK55PFtOlGSSZQirzhGZPdbkgTb8LDPZG/Ef89INsa2lBqUY5tubtC7vZ74r5J/O24djyA==",
      "dependencies": {
        "@syncfusion/ej2-base": "~20.2.36",
        "@syncfusion/ej2-buttons": "~20.2.36"
      }
    },
    "node_modules/@syncfusion/ej2-react-base": {
      "version": "20.2.36",
      "resolved": "https://registry.npmjs.org/@syncfusion/ej2-react-base/-/ej2-react-base-20.2.36.tgz",
      "integrity": "sha512-BytHuzxGDmmECE/vCkhT3JH9B1R2O9VVDMnukGdYy7WWOJ1m6PTwpWzICfRJcZ2ljG+P3NPOFkzx7H1YSSZMPw==",
      "dependencies": {
        "@syncfusion/ej2-base": "~20.2.36"
      }
    },
    "node_modules/@syncfusion/ej2-react-inputs": {
      "version": "20.2.36",
      "resolved": "https://registry.npmjs.org/@syncfusion/ej2-react-inputs/-/ej2-react-inputs-20.2.36.tgz",
      "integrity": "sha512-IALujhO/RhaJ8hi36ByFk1zMdizyA62+gddqPYh6g+SpPEqT4b9jICWtQO6d01Aq6WcxW048cTeNpcNnQGCJug==",
      "dependencies": {
        "@syncfusion/ej2-base": "~20.2.36",
        "@syncfusion/ej2-inputs": "20.2.36",
        "@syncfusion/ej2-react-base": "~20.2.36"
      }
    },
    "node_modules/@syncfusion/ej2-splitbuttons": {
      "version": "20.2.36",
      "resolved": "https://registry.npmjs.org/@syncfusion/ej2-splitbuttons/-/ej2-splitbuttons-20.2.36.tgz",
      "integrity": "sha512-SBMaEtSIqidYrOSJZRIh0PsGmY/InY7MYgcjSLevYUKD8xVplpAEWZK86ALDfcdyH3OvFJf07OAZf9wdxMik4A==",
      "dependencies": {
        "@syncfusion/ej2-base": "~20.2.36",
        "@syncfusion/ej2-popups": "~20.2.36"
      }
    }
  },
  "dependencies": {
    "@syncfusion/ej2-base": {
      "version": "20.2.36",
      "resolved": "https://registry.npmjs.org/@syncfusion/ej2-base/-/ej2-base-20.2.36.tgz",
      "integrity": "sha512-k2YdbYh93MKo57eOODmHZDVuNEN3uM4J8mri6XwoaDvTB8LA3rZfYlKkiulX9jYhdl1KoUN+eAi6ytCD+v0Nsw==",
      "requires": {
        "@syncfusion/ej2-icons": "~20.2.36"
      }
    },
    "@syncfusion/ej2-buttons": {
      "version": "20.2.36",
      "resolved": "https://registry.npmjs.org/@syncfusion/ej2-buttons/-/ej2-buttons-20.2.36.tgz",
      "integrity": "sha512-KjoR3YWNv0x0+sjofPhGoM1AAJKl1uxDvnI1z7iITvFoQ/g6dybAYp4uftdKTJe1GT9OVqQu4yzhxTxvLO1q/A==",
      "requires": {
        "@syncfusion/ej2-base": "~20.2.36"
      }
    },
    "@syncfusion/ej2-icons": {
      "version": "20.2.36",
      "resolved": "https://registry.npmjs.org/@syncfusion/ej2-icons/-/ej2-icons-20.2.36.tgz",
      "integrity": "sha512-C8AMPlzLsrAXY6qoG0jeQfBKZfyZTIZa5K0dtM8G99HGzx+dI3TkcCpSkwvDcKrynyN3CNJp4rw53vvcTFBCPg=="
    },
    "@syncfusion/ej2-inputs": {
      "version": "20.2.36",
      "resolved": "https://registry.npmjs.org/@syncfusion/ej2-inputs/-/ej2-inputs-20.2.36.tgz",
      "integrity": "sha512-hWiDD17IuPeo4IoA/J35bDJgZeA9sV3iVl4ww0ocbb73HHsG1jPP5HupNlRNBocZ5AoFLWDt+NbnTxYDr8gTZQ==",
      "requires": {
        "@syncfusion/ej2-base": "~20.2.36",
        "@syncfusion/ej2-buttons": "~20.2.36",
        "@syncfusion/ej2-popups": "~20.2.36",
        "@syncfusion/ej2-splitbuttons": "~20.2.36"
      }
    },
    "@syncfusion/ej2-popups": {
      "version": "20.2.36",
      "resolved": "https://registry.npmjs.org/@syncfusion/ej2-popups/-/ej2-popups-20.2.36.tgz",
      "integrity": "sha512-2K+uQFWaNDC7KOe2JK55PFtOlGSSZQirzhGZPdbkgTb8LDPZG/Ef89INsa2lBqUY5tubtC7vZ74r5J/O24djyA==",
      "requires": {
        "@syncfusion/ej2-base": "~20.2.36",
        "@syncfusion/ej2-buttons": "~20.2.36"
      }
    },
    "@syncfusion/ej2-react-base": {
      "version": "20.2.36",
      "resolved": "https://registry.npmjs.org/@syncfusion/ej2-react-base/-/ej2-react-base-20.2.36.tgz",
      "integrity": "sha512-BytHuzxGDmmECE/vCkhT3JH9B1R2O9VVDMnukGdYy7WWOJ1m6PTwpWzICfRJcZ2ljG+P3NPOFkzx7H1YSSZMPw==",
      "requires": {
        "@syncfusion/ej2-base": "~20.2.36"
      }
    },
    "@syncfusion/ej2-react-inputs": {
      "version": "20.2.36",
      "resolved": "https://registry.npmjs.org/@syncfusion/ej2-react-inputs/-/ej2-react-inputs-20.2.36.tgz",
      "integrity": "sha512-IALujhO/RhaJ8hi36ByFk1zMdizyA62+gddqPYh6g+SpPEqT4b9jICWtQO6d01Aq6WcxW048cTeNpcNnQGCJug==",
      "requires": {
        "@syncfusion/ej2-base": "~20.2.36",
        "@syncfusion/ej2-inputs": "20.2.36",
        "@syncfusion/ej2-react-base": "~20.2.36"
      }
    },
    "@syncfusion/ej2-splitbuttons": {
      "version": "20.2.36",
      "resolved": "https://registry.npmjs.org/@syncfusion/ej2-splitbuttons/-/ej2-splitbuttons-20.2.36.tgz",
      "integrity": "sha512-SBMaEtSIqidYrOSJZRIh0PsGmY/InY7MYgcjSLevYUKD8xVplpAEWZK86ALDfcdyH3OvFJf07OAZf9wdxMik4A==",
      "requires": {
        "@syncfusion/ej2-base": "~20.2.36",
        "@syncfusion/ej2-popups": "~20.2.36"
      }
    }
  }
}
